
Microsoft Visual Studio Solution File, Format Version 12.00
# Visual Studio Version 17
VisualStudioVersion = 17.0.31919.166
MinimumVisualStudioVersion = 10.0.40219.1
Project("{2150E333-8FDC-42A3-9474-1A3956D46DE8}") = "src", "src", "{6C7E5914-CD6B-40F1-BFD7-8FB17E3EAE11}"
	ProjectSection(SolutionItems) = preProject
		src\Directory.Build.props = src\Directory.Build.props
	EndProjectSection
EndProject
Project("{2150E333-8FDC-42A3-9474-1A3956D46DE8}") = "test", "test", "{9D50B35B-1EAA-4620-B0A6-245456051247}"
EndProject
Project("{9A19103F-16F7-4668-BE54-9A1E7A4F7556}") = "FlyTiger", "src\FlyTiger\FlyTiger.csproj", "{20C6C3E9-5DA9-4C1E-B5F3-A247888724CF}"
EndProject
Project("{9A19103F-16F7-4668-BE54-9A1E7A4F7556}") = "FlyTiger.UnitTest", "test\FlyTiger.UnitTest\FlyTiger.UnitTest.csproj", "{54255154-6A4E-4CAB-B447-F30471E6775E}"
EndProject
Project("{2150E333-8FDC-42A3-9474-1A3956D46DE8}") = "example", "example", "{F6AE1CB8-57DE-437D-9665-56CACBF8358E}"
EndProject
Project("{9A19103F-16F7-4668-BE54-9A1E7A4F7556}") = "AutoCtor", "example\AutoCtor\AutoCtor.csproj", "{DF229E77-89EC-41FB-95B1-833FE3151A16}"
EndProject
Project("{9A19103F-16F7-4668-BE54-9A1E7A4F7556}") = "SingletonMode", "example\SingletonMode\SingletonMode.csproj", "{D57B9157-965D-4FDB-B13D-084EC0E19632}"
EndProject
Project("{9A19103F-16F7-4668-BE54-9A1E7A4F7556}") = "AutoNotify", "example\AutoNotify\AutoNotify.csproj", "{2333E37E-11B8-460E-889E-79E45EFE20FF}"
EndProject
Project("{2150E333-8FDC-42A3-9474-1A3956D46DE8}") = "benchmark", "benchmark", "{AB13F282-5131-45A6-91E4-CF5E2976252C}"
EndProject
Project("{9A19103F-16F7-4668-BE54-9A1E7A4F7556}") = "ConvertToPerformance", "benchmark\ConvertToPerformance\ConvertToPerformance.csproj", "{421FBD2B-BA9A-4F46-AE72-E98D5AAA4CA2}"
EndProject
Project("{9A19103F-16F7-4668-BE54-9A1E7A4F7556}") = "CodeErrors", "example\CodeErrors\CodeErrors.csproj", "{E1081F94-5ED3-4ACF-9CC6-B0BF9361C342}"
EndProject
Project("{9A19103F-16F7-4668-BE54-9A1E7A4F7556}") = "Mapper", "example\Mapper\Mapper.csproj", "{E72FE7BB-B204-4E65-BCA9-0B21E1EA4E1F}"
EndProject
Project("{9A19103F-16F7-4668-BE54-9A1E7A4F7556}") = "Mapper.EFCore", "example\Mapper.EFCore\Mapper.EFCore.csproj", "{F1926833-266F-4EB5-BE0F-432443D708A6}"
EndProject
Project("{FAE04EC0-301F-11D3-BF4B-00C04F79EFBC}") = "FlyTiger.IntegrationTest", "test\FlyTiger.IntegrationTest\FlyTiger.IntegrationTest.csproj", "{7559FE1B-1A0F-40AD-A473-88598D6C0E81}"
EndProject
Global
	GlobalSection(SolutionConfigurationPlatforms) = preSolution
		Debug|Any CPU = Debug|Any CPU
		Release|Any CPU = Release|Any CPU
	EndGlobalSection
	GlobalSection(ProjectConfigurationPlatforms) = postSolution
		{20C6C3E9-5DA9-4C1E-B5F3-A247888724CF}.Debug|Any CPU.ActiveCfg = Debug|Any CPU
		{20C6C3E9-5DA9-4C1E-B5F3-A247888724CF}.Debug|Any CPU.Build.0 = Debug|Any CPU
		{20C6C3E9-5DA9-4C1E-B5F3-A247888724CF}.Release|Any CPU.ActiveCfg = Release|Any CPU
		{20C6C3E9-5DA9-4C1E-B5F3-A247888724CF}.Release|Any CPU.Build.0 = Release|Any CPU
		{54255154-6A4E-4CAB-B447-F30471E6775E}.Debug|Any CPU.ActiveCfg = Debug|Any CPU
		{54255154-6A4E-4CAB-B447-F30471E6775E}.Debug|Any CPU.Build.0 = Debug|Any CPU
		{54255154-6A4E-4CAB-B447-F30471E6775E}.Release|Any CPU.ActiveCfg = Release|Any CPU
		{54255154-6A4E-4CAB-B447-F30471E6775E}.Release|Any CPU.Build.0 = Release|Any CPU
		{DF229E77-89EC-41FB-95B1-833FE3151A16}.Debug|Any CPU.ActiveCfg = Debug|Any CPU
		{DF229E77-89EC-41FB-95B1-833FE3151A16}.Debug|Any CPU.Build.0 = Debug|Any CPU
		{DF229E77-89EC-41FB-95B1-833FE3151A16}.Release|Any CPU.ActiveCfg = Release|Any CPU
		{DF229E77-89EC-41FB-95B1-833FE3151A16}.Release|Any CPU.Build.0 = Release|Any CPU
		{D57B9157-965D-4FDB-B13D-084EC0E19632}.Debug|Any CPU.ActiveCfg = Debug|Any CPU
		{D57B9157-965D-4FDB-B13D-084EC0E19632}.Debug|Any CPU.Build.0 = Debug|Any CPU
		{D57B9157-965D-4FDB-B13D-084EC0E19632}.Release|Any CPU.ActiveCfg = Release|Any CPU
		{D57B9157-965D-4FDB-B13D-084EC0E19632}.Release|Any CPU.Build.0 = Release|Any CPU
		{2333E37E-11B8-460E-889E-79E45EFE20FF}.Debug|Any CPU.ActiveCfg = Debug|Any CPU
		{2333E37E-11B8-460E-889E-79E45EFE20FF}.Debug|Any CPU.Build.0 = Debug|Any CPU
		{2333E37E-11B8-460E-889E-79E45EFE20FF}.Release|Any CPU.ActiveCfg = Release|Any CPU
		{2333E37E-11B8-460E-889E-79E45EFE20FF}.Release|Any CPU.Build.0 = Release|Any CPU
		{421FBD2B-BA9A-4F46-AE72-E98D5AAA4CA2}.Debug|Any CPU.ActiveCfg = Debug|Any CPU
		{421FBD2B-BA9A-4F46-AE72-E98D5AAA4CA2}.Debug|Any CPU.Build.0 = Debug|Any CPU
		{421FBD2B-BA9A-4F46-AE72-E98D5AAA4CA2}.Release|Any CPU.ActiveCfg = Release|Any CPU
		{421FBD2B-BA9A-4F46-AE72-E98D5AAA4CA2}.Release|Any CPU.Build.0 = Release|Any CPU
		{E1081F94-5ED3-4ACF-9CC6-B0BF9361C342}.Debug|Any CPU.ActiveCfg = Debug|Any CPU
		{E1081F94-5ED3-4ACF-9CC6-B0BF9361C342}.Debug|Any CPU.Build.0 = Debug|Any CPU
		{E1081F94-5ED3-4ACF-9CC6-B0BF9361C342}.Release|Any CPU.ActiveCfg = Release|Any CPU
		{E1081F94-5ED3-4ACF-9CC6-B0BF9361C342}.Release|Any CPU.Build.0 = Release|Any CPU
		{E72FE7BB-B204-4E65-BCA9-0B21E1EA4E1F}.Debug|Any CPU.ActiveCfg = Debug|Any CPU
		{E72FE7BB-B204-4E65-BCA9-0B21E1EA4E1F}.Debug|Any CPU.Build.0 = Debug|Any CPU
		{E72FE7BB-B204-4E65-BCA9-0B21E1EA4E1F}.Release|Any CPU.ActiveCfg = Release|Any CPU
		{E72FE7BB-B204-4E65-BCA9-0B21E1EA4E1F}.Release|Any CPU.Build.0 = Release|Any CPU
		{F1926833-266F-4EB5-BE0F-432443D708A6}.Debug|Any CPU.ActiveCfg = Debug|Any CPU
		{F1926833-266F-4EB5-BE0F-432443D708A6}.Debug|Any CPU.Build.0 = Debug|Any CPU
		{F1926833-266F-4EB5-BE0F-432443D708A6}.Release|Any CPU.ActiveCfg = Release|Any CPU
		{F1926833-266F-4EB5-BE0F-432443D708A6}.Release|Any CPU.Build.0 = Release|Any CPU
		{7559FE1B-1A0F-40AD-A473-88598D6C0E81}.Debug|Any CPU.ActiveCfg = Debug|Any CPU
		{7559FE1B-1A0F-40AD-A473-88598D6C0E81}.Debug|Any CPU.Build.0 = Debug|Any CPU
		{7559FE1B-1A0F-40AD-A473-88598D6C0E81}.Release|Any CPU.ActiveCfg = Release|Any CPU
		{7559FE1B-1A0F-40AD-A473-88598D6C0E81}.Release|Any CPU.Build.0 = Release|Any CPU
	EndGlobalSection
	GlobalSection(SolutionProperties) = preSolution
		HideSolutionNode = FALSE
	EndGlobalSection
	GlobalSection(NestedProjects) = preSolution
		{20C6C3E9-5DA9-4C1E-B5F3-A247888724CF} = {6C7E5914-CD6B-40F1-BFD7-8FB17E3EAE11}
		{54255154-6A4E-4CAB-B447-F30471E6775E} = {9D50B35B-1EAA-4620-B0A6-245456051247}
		{DF229E77-89EC-41FB-95B1-833FE3151A16} = {F6AE1CB8-57DE-437D-9665-56CACBF8358E}
		{D57B9157-965D-4FDB-B13D-084EC0E19632} = {F6AE1CB8-57DE-437D-9665-56CACBF8358E}
		{2333E37E-11B8-460E-889E-79E45EFE20FF} = {F6AE1CB8-57DE-437D-9665-56CACBF8358E}
		{421FBD2B-BA9A-4F46-AE72-E98D5AAA4CA2} = {AB13F282-5131-45A6-91E4-CF5E2976252C}
		{E1081F94-5ED3-4ACF-9CC6-B0BF9361C342} = {F6AE1CB8-57DE-437D-9665-56CACBF8358E}
		{E72FE7BB-B204-4E65-BCA9-0B21E1EA4E1F} = {F6AE1CB8-57DE-437D-9665-56CACBF8358E}
		{F1926833-266F-4EB5-BE0F-432443D708A6} = {F6AE1CB8-57DE-437D-9665-56CACBF8358E}
		{7559FE1B-1A0F-40AD-A473-88598D6C0E81} = {9D50B35B-1EAA-4620-B0A6-245456051247}
	EndGlobalSection
	GlobalSection(ExtensibilityGlobals) = postSolution
		SolutionGuid = {DB11BB21-3F5D-42D6-8737-F19C0666F1F8}
	EndGlobalSection
EndGlobal
